# This file is automatically @generated by Cargo.
# It is not intended for manual editing.
[[package]]
name = "day02"
version = "0.1.0"
dependencies = [
 "itertools",
 "serde_scan",
]

[[package]]
name = "either"
version = "1.6.1"
source = "registry+https://github.com/rust-lang/crates.io-index"
checksum = "e78d4f1cc4ae33bbfc157ed5d5a5ef3bc29227303d595861deb238fcec4e9457"

[[package]]
name = "itertools"
version = "0.9.0"
source = "registry+https://github.com/rust-lang/crates.io-index"
checksum = "284f18f85651fe11e8a991b2adb42cb078325c996ed026d994719efcfca1d54b"
dependencies = [
 "either",
]

[[package]]
name = "serde"
version = "1.0.117"
source = "registry+https://github.com/rust-lang/crates.io-index"
checksum = "b88fa983de7720629c9387e9f517353ed404164b1e482c970a90c1a4aaf7dc1a"

[[package]]
name = "serde_scan"
version = "0.4.1"
source = "registry+https://github.com/rust-lang/crates.io-index"
checksum = "c328aed355674cef5038b201b14b24eb877213462edb7ba28801c6bdd0ac5597"
dependencies = [
 "serde",
]
